// !$*UTF8*$!
{
	archiveVersion = 1;
	classes = {
	};
	objectVersion = 50;
	objects = {

/* Begin PBXBuildFile section */
		725111CFCE7899028EEBFB14 /* Pods_ExampleFormacOS.framework in Frameworks */ = {isa = PBXBuildFile; fileRef = 5B79FA78B3B969D071FF810D /* Pods_ExampleFormacOS.framework */; };
		83C6135D21ABF4BD001705C2 /* AppDelegate.swift in Sources */ = {isa = PBXBuildFile; fileRef = 83C6135C21ABF4BD001705C2 /* AppDelegate.swift */; };
		83C6135F21ABF4BD001705C2 /* ViewController.swift in Sources */ = {isa = PBXBuildFile; fileRef = 83C6135E21ABF4BD001705C2 /* ViewController.swift */; };
		83C6136121ABF4BE001705C2 /* Assets.xcassets in Resources */ = {isa = PBXBuildFile; fileRef = 83C6136021ABF4BE001705C2 /* Assets.xcassets */; };
		83C6136421ABF4BE001705C2 /* Main.storyboard in Resources */ = {isa = PBXBuildFile; fileRef = 83C6136221ABF4BE001705C2 /* Main.storyboard */; };
/* End PBXBuildFile section */

/* Begin PBXFileReference section */
		25219040877653A022B2755F /* Pods-ExampleFormacOS.release.xcconfig */ = {isa = PBXFileReference; includeInIndex = 1; lastKnownFileType = text.xcconfig; name = "Pods-ExampleFormacOS.release.xcconfig"; path = "Target Support Files/Pods-ExampleFormacOS/Pods-ExampleFormacOS.release.xcconfig"; sourceTree = "<group>"; };
		5B79FA78B3B969D071FF810D /* Pods_ExampleFormacOS.framework */ = {isa = PBXFileReference; explicitFileType = wrapper.framework; includeInIndex = 0; path = Pods_ExampleFormacOS.framework; sourceTree = BUILT_PRODUCTS_DIR; };
		83C6135921ABF4BD001705C2 /* ExampleFormacOS.app */ = {isa = PBXFileReference; explicitFileType = wrapper.application; includeInIndex = 0; path = ExampleFormacOS.app; sourceTree = BUILT_PRODUCTS_DIR; };
		83C6135C21ABF4BD001705C2 /* AppDelegate.swift */ = {isa = PBXFileReference; lastKnownFileType = sourcecode.swift; path = AppDelegate.swift; sourceTree = "<group>"; };
		83C6135E21ABF4BD001705C2 /* ViewController.swift */ = {isa = PBXFileReference; lastKnownFileType = sourcecode.swift; path = ViewController.swift; sourceTree = "<group>"; };
		83C6136021ABF4BE001705C2 /* Assets.xcassets */ = {isa = PBXFileReference; lastKnownFileType = folder.assetcatalog; path = Assets.xcassets; sourceTree = "<group>"; };
		83C6136321ABF4BE001705C2 /* Base */ = {isa = PBXFileReference; lastKnownFileType = file.storyboard; name = Base; path = Base.lproj/Main.storyboard; sourceTree = "<group>"; };
		83C6136521ABF4BE001705C2 /* Info.plist */ = {isa = PBXFileReference; lastKnownFileType = text.plist.xml; path = Info.plist; sourceTree = "<group>"; };
		83C6136621ABF4BE001705C2 /* ExampleFormacOS.entitlements */ = {isa = PBXFileReference; lastKnownFileType = text.plist.entitlements; path = ExampleFormacOS.entitlements; sourceTree = "<group>"; };
		AE3744A415578C4878ED55D7 /* Pods-ExampleFormacOS.debug.xcconfig */ = {isa = PBXFileReference; includeInIndex = 1; lastKnownFileType = text.xcconfig; name = "Pods-ExampleFormacOS.debug.xcconfig"; path = "Target Support Files/Pods-ExampleFormacOS/Pods-ExampleFormacOS.debug.xcconfig"; sourceTree = "<group>"; };
/* End PBXFileReference section */

/* Begin PBXFrameworksBuildPhase section */
		83C6135621ABF4BD001705C2 /* Frameworks */ = {
			isa = PBXFrameworksBuildPhase;
			buildActionMask = 2147483647;
			files = (
				725111CFCE7899028EEBFB14 /* Pods_ExampleFormacOS.framework in Frameworks */,
			);
			runOnlyForDeploymentPostprocessing = 0;
		};
/* End PBXFrameworksBuildPhase section */

/* Begin PBXGroup section */
		69F535208B260FF2BE857297 /* Frameworks */ = {
			isa = PBXGroup;
			children = (
				5B79FA78B3B969D071FF810D /* Pods_ExampleFormacOS.framework */,
			);
			name = Frameworks;
			sourceTree = "<group>";
		};
		83C6135021ABF4BD001705C2 = {
			isa = PBXGroup;
			children = (
				83C6135B21ABF4BD001705C2 /* ExampleFormacOS */,
				83C6135A21ABF4BD001705C2 /* Products */,
				C6FE84DFAC1793C7766FF78A /* Pods */,
				69F535208B260FF2BE857297 /* Frameworks */,
			);
			sourceTree = "<group>";
		};
		83C6135A21ABF4BD001705C2 /* Products */ = {
			isa = PBXGroup;
			children = (
				83C6135921ABF4BD001705C2 /* ExampleFormacOS.app */,
			);
			name = Products;
			sourceTree = "<group>";
		};
		83C6135B21ABF4BD001705C2 /* ExampleFormacOS */ = {
			isa = PBXGroup;
			children = (
				83C6135C21ABF4BD001705C2 /* AppDelegate.swift */,
				83C6135E21ABF4BD001705C2 /* ViewController.swift */,
				83C6136021ABF4BE001705C2 /* Assets.xcassets */,
				83C6136221ABF4BE001705C2 /* Main.storyboard */,
				83C6136521ABF4BE001705C2 /* Info.plist */,
				83C6136621ABF4BE001705C2 /* ExampleFormacOS.entitlements */,
			);
			path = ExampleFormacOS;
			sourceTree = "<group>";
		};
		C6FE84DFAC1793C7766FF78A /* Pods */ = {
			isa = PBXGroup;
			children = (
				AE3744A415578C4878ED55D7 /* Pods-ExampleFormacOS.debug.xcconfig */,
				25219040877653A022B2755F /* Pods-ExampleFormacOS.release.xcconfig */,
			);
			name = Pods;
			path = Pods;
			sourceTree = "<group>";
		};
/* End PBXGroup section */

/* Begin PBXNativeTarget section */
		83C6135821ABF4BD001705C2 /* ExampleFormacOS */ = {
			isa = PBXNativeTarget;
			buildConfigurationList = 83C6136921ABF4BE001705C2 /* Build configuration list for PBXNativeTarget "ExampleFormacOS" */;
			buildPhases = (
				C4F99E97E9E93B40DD41DA9F /* [CP] Check Pods Manifest.lock */,
				83C6135521ABF4BD001705C2 /* Sources */,
				83C6135621ABF4BD001705C2 /* Frameworks */,
				83C6135721ABF4BD001705C2 /* Resources */,
				CEDA3CA373A61B8BE5E57D9D /* [CP] Embed Pods Frameworks */,
			);
			buildRules = (
			);
			dependencies = (
			);
			name = ExampleFormacOS;
			productName = ExampleFormacOS;
			productReference = 83C6135921ABF4BD001705C2 /* ExampleFormacOS.app */;
			productType = "com.apple.product-type.application";
		};
/* End PBXNativeTarget section */

/* Begin PBXProject section */
		83C6135121ABF4BD001705C2 /* Project object */ = {
			isa = PBXProject;
			attributes = {
				LastSwiftUpdateCheck = 1010;
				LastUpgradeCheck = 1010;
				ORGANIZATIONNAME = Chakery;
				TargetAttributes = {
					83C6135821ABF4BD001705C2 = {
						CreatedOnToolsVersion = 10.1;
					};
				};
			};
			buildConfigurationList = 83C6135421ABF4BD001705C2 /* Build configuration list for PBXProject "ExampleFormacOS" */;
			compatibilityVersion = "Xcode 9.3";
			developmentRegion = en;
			hasScannedForEncodings = 0;
			knownRegions = (
				en,
				Base,
			);
			mainGroup = 83C6135021ABF4BD001705C2;
			productRefGroup = 83C6135A21ABF4BD001705C2 /* Products */;
			projectDirPath = "";
			projectRoot = "";
			targets = (
				83C6135821ABF4BD001705C2 /* ExampleFormacOS */,
			);
		};
/* End PBXProject section */

/* Begin PBXResourcesBuildPhase section */
		83C6135721ABF4BD001705C2 /* Resources */ = {
			isa = PBXResourcesBuildPhase;
			buildActionMask = 2147483647;
			files = (
				83C6136121ABF4BE001705C2 /* Assets.xcassets in Resources */,
				83C6136421ABF4BE001705C2 /* Main.storyboard in Resources */,
			);
			runOnlyForDeploymentPostprocessing = 0;
		};
/* End PBXResourcesBuildPhase section */

/* Begin PBXShellScriptBuildPhase section */
		C4F99E97E9E93B40DD41DA9F /* [CP] Check Pods Manifest.lock */ = {
			isa = PBXShellScriptBuildPhase;
			buildActionMask = 2147483647;
			files = (
			);
			inputFileListPaths = (
			);
			inputPaths = (
				"${PODS_PODFILE_DIR_PATH}/Podfile.lock",
				"${PODS_ROOT}/Manifest.lock",
			);
			name = "[CP] Check Pods Manifest.lock";
			outputFileListPaths = (
			);
			outputPaths = (
				"$(DERIVED_FILE_DIR)/Pods-ExampleFormacOS-checkManifestLockResult.txt",
			);
			runOnlyForDeploymentPostprocessing = 0;
			shellPath = /bin/sh;
			shellScript = "diff \"${PODS_PODFILE_DIR_PATH}/Podfile.lock\" \"${PODS_ROOT}/Manifest.lock\" > /dev/null\nif [ $? != 0 ] ; then\n    # print error to STDERR\n    echo \"error: The sandbox is not in sync with the Podfile.lock. Run 'pod install' or update your CocoaPods installation.\" >&2\n    exit 1\nfi\n# This output is used by Xcode 'outputs' to avoid re-running this script phase.\necho \"SUCCESS\" > \"${SCRIPT_OUTPUT_FILE_0}\"\n";
			showEnvVarsInLog = 0;
		};
		CEDA3CA373A61B8BE5E57D9D /* [CP] Embed Pods Frameworks */ = {
			isa = PBXShellScriptBuildPhase;
			buildActionMask = 2147483647;
			files = (
			);
			inputFileListPaths = (
			);
			inputPaths = (
				"${PODS_ROOT}/Target Support Files/Pods-ExampleFormacOS/Pods-ExampleFormacOS-frameworks.sh",
				"${BUILT_PRODUCTS_DIR}/AyLoading/AyLoading.framework",
			);
			name = "[CP] Embed Pods Frameworks";
			outputFileListPaths = (
			);
			outputPaths = (
				"${TARGET_BUILD_DIR}/${FRAMEWORKS_FOLDER_PATH}/AyLoading.framework",
			);
			runOnlyForDeploymentPostprocessing = 0;
			shellPath = /bin/sh;
			shellScript = "\"${PODS_ROOT}/Target Support Files/Pods-ExampleFormacOS/Pods-ExampleFormacOS-frameworks.sh\"\n";
			showEnvVarsInLog = 0;
		};
/* End PBXShellScriptBuildPhase section */

/* Begin PBXSourcesBuildPhase section */
		83C6135521ABF4BD001705C2 /* Sources */ = {
			isa = PBXSourcesBuildPhase;
			buildActionMask = 2147483647;
			files = (
				83C6135F21ABF4BD001705C2 /* ViewController.swift in Sources */,
				83C6135D21ABF4BD001705C2 /* AppDelegate.swift in Sources */,
			);
			runOnlyForDeploymentPostprocessing = 0;
		};
/* End PBXSourcesBuildPhase section */

/* Begin PBXVariantGroup section */
		83C6136221ABF4BE001705C2 /* Main.storyboard */ = {
			isa = PBXVariantGroup;
			children = (
				83C6136321ABF4BE001705C2 /* Base */,
			);
			name = Main.storyboard;
			sourceTree = "<group>";
		};
/* End PBXVariantGroup section */

/* Begin XCBuildConfiguration section */
		83C6136721ABF4BE001705C2 /* Debug */ = {
			isa = XCBuildConfiguration;
			buildSettings = {
				ALWAYS_SEARCH_USER_PATHS = NO;
				CLANG_ANALYZER_NONNULL = YES;
				CLANG_ANALYZER_NUMBER_OBJECT_CONVERSION = YES_AGGRESSIVE;
				CLANG_CXX_LANGUAGE_STANDARD = "gnu++14";
				CLANG_CXX_LIBRARY = "libc++";
				CLANG_ENABLE_MODULES = YES;
				CLANG_ENABLE_OBJC_ARC = YES;
				CLANG_ENABLE_OBJC_WEAK = YES;
				CLANG_WARN_BLOCK_CAPTURE_AUTORELEASING = YES;
				CLANG_WARN_BOOL_CONVERSION = YES;
				CLANG_WARN_COMMA = YES;
				CLANG_WARN_CONSTANT_CONVERSION = YES;
				CLANG_WARN_DEPRECATED_OBJC_IMPLEMENTATIONS = YES;
				CLANG_WARN_DIRECT_OBJC_ISA_USAGE = YES_ERROR;
				CLANG_WARN_DOCUMENTATION_COMMENTS = YES;
				CLANG_WARN_EMPTY_BODY = YES;
				CLANG_WARN_ENUM_CONVERSION = YES;
				CLANG_WARN_INFINITE_RECURSION = YES;
				CLANG_WARN_INT_CONVERSION = YES;
				CLANG_WARN_NON_LITERAL_NULL_CONVERSION = YES;
				CLANG_WARN_OBJC_IMPLICIT_RETAIN_SELF = YES;
				CLANG_WARN_OBJC_LITERAL_CONVERSION = YES;
				CLANG_WARN_OBJC_ROOT_CLASS = YES_ERROR;
				CLANG_WARN_RANGE_LOOP_ANALYSIS = YES;
				CLANG_WARN_STRICT_PROTOTYPES = YES;
				CLANG_WARN_SUSPICIOUS_MOVE = YES;
				CLANG_WARN_UNGUARDED_AVAILABILITY = YES_AGGRESSIVE;
				CLANG_WARN_UNREACHABLE_CODE = YES;
				CLANG_WARN__DUPLICATE_METHOD_MATCH = YES;
				CODE_SIGN_IDENTITY = "Mac Developer";
				COPY_PHASE_STRIP = NO;
				DEBUG_INFORMATION_FORMAT = dwarf;
				ENABLE_STRICT_OBJC_MSGSEND = YES;
				ENABLE_TESTABILITY = YES;
				GCC_C_LANGUAGE_STANDARD = gnu11;
				GCC_DYNAMIC_NO_PIC = NO;
				GCC_NO_COMMON_BLOCKS = YES;
				GCC_OPTIMIZATION_LEVEL = 0;
				GCC_PREPROCESSOR_DEFINITIONS = (
					"DEBUG=1",
					"$(inherited)",
				);
				GCC_WARN_64_TO_32_BIT_CONVERSION = YES;
				GCC_WARN_ABOUT_RETURN_TYPE = YES_ERROR;
				GCC_WARN_UNDECLARED_SELECTOR = YES;
				GCC_WARN_UNINITIALIZED_AUTOS = YES_AGGRESSIVE;
				GCC_WARN_UNUSED_FUNCTION = YES;
				GCC_WARN_UNUSED_VARIABLE = YES;
				MACOSX_DEPLOYMENT_TARGET = 10.14;
				MTL_ENABLE_DEBUG_INFO = INCLUDE_SOURCE;
				MTL_FAST_MATH = YES;
				ONLY_ACTIVE_ARCH = YES;
				SDKROOT = macosx;
				SWIFT_ACTIVE_COMPILATION_CONDITIONS = DEBUG;
				SWIFT_OPTIMIZATION_LEVEL = "-Onone";
			};
			name = Debug;
		};
		83C6136821ABF4BE001705C2 /* Release */ = {
			isa = XCBuildConfiguration;
			buildSettings = {
				ALWAYS_SEARCH_USER_PATHS = NO;
				CLANG_ANALYZER_NONNULL = YES;
				CLANG_ANALYZER_NUMBER_OBJECT_CONVERSION = YES_AGGRESSIVE;
				CLANG_CXX_LANGUAGE_STANDARD = "gnu++14";
				CLANG_CXX_LIBRARY = "libc++";
				CLANG_ENABLE_MODULES = YES;
				CLANG_ENABLE_OBJC_ARC = YES;
				CLANG_ENABLE_OBJC_WEAK = YES;
				CLANG_WARN_BLOCK_CAPTURE_AUTORELEASING = YES;
				CLANG_WARN_BOOL_CONVERSION = YES;
				CLANG_WARN_COMMA = YES;
				CLANG_WARN_CONSTANT_CONVERSION = YES;
				CLANG_WARN_DEPRECATED_OBJC_IMPLEMENTATIONS = YES;
				CLANG_WARN_DIRECT_OBJC_ISA_USAGE = YES_ERROR;
				CLANG_WARN_DOCUMENTATION_COMMENTS = YES;
				CLANG_WARN_EMPTY_BODY = YES;
				CLANG_WARN_ENUM_CONVERSION = YES;
				CLANG_WARN_INFINITE_RECURSION = YES;
				CLANG_WARN_INT_CONVERSION = YES;
				CLANG_WARN_NON_LITERAL_NULL_CONVERSION = YES;
				CLANG_WARN_OBJC_IMPLICIT_RETAIN_SELF = YES;
				CLANG_WARN_OBJC_LITERAL_CONVERSION = YES;
				CLANG_WARN_OBJC_ROOT_CLASS = YES_ERROR;
				CLANG_WARN_RANGE_LOOP_ANALYSIS = YES;
				CLANG_WARN_STRICT_PROTOTYPES = YES;
				CLANG_WARN_SUSPICIOUS_MOVE = YES;
				CLANG_WARN_UNGUARDED_AVAILABILITY = YES_AGGRESSIVE;
				CLANG_WARN_UNREACHABLE_CODE = YES;
				CLANG_WARN__DUPLICATE_METHOD_MATCH = YES;
				CODE_SIGN_IDENTITY = "Mac Developer";
				COPY_PHASE_STRIP = NO;
				DEBUG_INFORMATION_FORMAT = "dwarf-with-dsym";
				ENABLE_NS_ASSERTIONS = NO;
				ENABLE_STRICT_OBJC_MSGSEND = YES;
				GCC_C_LANGUAGE_STANDARD = gnu11;
				GCC_NO_COMMON_BLOCKS = YES;
				GCC_WARN_64_TO_32_BIT_CONVERSION = YES;
				GCC_WARN_ABOUT_RETURN_TYPE = YES_ERROR;
				GCC_WARN_UNDECLARED_SELECTOR = YES;
				GCC_WARN_UNINITIALIZED_AUTOS = YES_AGGRESSIVE;
				GCC_WARN_UNUSED_FUNCTION = YES;
				GCC_WARN_UNUSED_VARIABLE = YES;
				MACOSX_DEPLOYMENT_TARGET = 10.14;
				MTL_ENABLE_DEBUG_INFO = NO;
				MTL_FAST_MATH = YES;
				SDKROOT = macosx;
				SWIFT_COMPILATION_MODE = wholemodule;
				SWIFT_OPTIMIZATION_LEVEL = "-O";
			};
			name = Release;
		};
		83C6136A21ABF4BE001705C2 /* Debug */ = {
			isa = XCBuildConfiguration;
			baseConfigurationReference = AE3744A415578C4878ED55D7 /* Pods-ExampleFormacOS.debug.xcconfig */;
			buildSettings = {
				ASSETCATALOG_COMPILER_APPICON_NAME = AppIcon;
				CODE_SIGN_ENTITLEMENTS = ExampleFormacOS/ExampleFormacOS.entitlements;
				CODE_SIGN_STYLE = Automatic;
				COMBINE_HIDPI_IMAGES = YES;
				DEVELOPMENT_TEAM = 476N92MP39;
				INFOPLIST_FILE = ExampleFormacOS/Info.plist;
				LD_RUNPATH_SEARCH_PATHS = (
					"$(inherited)",
					"@executable_path/../Frameworks",
				);
				PRODUCT_BUNDLE_IDENTIFIER = cc.chakery.ExampleFormacOS;
				PRODUCT_NAME = "$(TARGET_NAME)";
				SWIFT_VERSION = 4.2;
			};
			name = Debug;
		};
		83C6136B21ABF4BE001705C2 /* Release */ = {
			isa = XCBuildConfiguration;
			baseConfigurationReference = 25219040877653A022B2755F /* Pods-ExampleFormacOS.release.xcconfig */;
			buildSettings = {
				ASSETCATALOG_COMPILER_APPICON_NAME = AppIcon;
				CODE_SIGN_ENTITLEMENTS = ExampleFormacOS/ExampleFormacOS.entitlements;
				CODE_SIGN_STYLE = Automatic;
				COMBINE_HIDPI_IMAGES = YES;
				DEVELOPMENT_TEAM = 476N92MP39;
				INFOPLIST_FILE = ExampleFormacOS/Info.plist;
				LD_RUNPATH_SEARCH_PATHS = (
					"$(inherited)",
					"@executable_path/../Frameworks",
				);
				PRODUCT_BUNDLE_IDENTIFIER = cc.chakery.ExampleFormacOS;
				PRODUCT_NAME = "$(TARGET_NAME)";
				SWIFT_VERSION = 4.2;
			};
			name = Release;
		};
/* End XCBuildConfiguration section */

/* Begin XCConfigurationList section */
		83C6135421ABF4BD001705C2 /* Build configuration list for PBXProject "ExampleFormacOS" */ = {
			isa = XCConfigurationList;
			buildConfigurations = (
				83C6136721ABF4BE001705C2 /* Debug */,
				83C6136821ABF4BE001705C2 /* Release */,
			);
			defaultConfigurationIsVisible = 0;
			defaultConfigurationName = Release;
		};
		83C6136921ABF4BE001705C2 /* Build configuration list for PBXNativeTarget "ExampleFormacOS" */ = {
			isa = XCConfigurationList;
			buildConfigurations = (
				83C6136A21ABF4BE001705C2 /* Debug */,
				83C6136B21ABF4BE001705C2 /* Release */,
			);
			defaultConfigurationIsVisible = 0;
			defaultConfigurationName = Release;
		};
/* End XCConfigurationList section */
	};
	rootObject = 83C6135121ABF4BD001705C2 /* Project object */;
}
