// !$*UTF8*$!
{
	archiveVersion = 1;
	classes = {
	};
	objectVersion = 46;
	objects = {

/* Begin PBXBuildFile section */
		836B4B5D1F60E59F00E411CA /* AppDelegate.swift in Sources */ = {isa = PBXBuildFile; fileRef = 836B4B5C1F60E59F00E411CA /* AppDelegate.swift */; };
		836B4B5F1F60E59F00E411CA /* ViewController.swift in Sources */ = {isa = PBXBuildFile; fileRef = 836B4B5E1F60E59F00E411CA /* ViewController.swift */; };
		836B4B621F60E59F00E411CA /* Main.storyboard in Resources */ = {isa = PBXBuildFile; fileRef = 836B4B601F60E59F00E411CA /* Main.storyboard */; };
		836B4B641F60E59F00E411CA /* Assets.xcassets in Resources */ = {isa = PBXBuildFile; fileRef = 836B4B631F60E59F00E411CA /* Assets.xcassets */; };
		836B4B671F60E59F00E411CA /* LaunchScreen.storyboard in Resources */ = {isa = PBXBuildFile; fileRef = 836B4B651F60E59F00E411CA /* LaunchScreen.storyboard */; };
		AF256FA81DC30E3D6BA40E27 /* Pods_ExampleForiOS.framework in Frameworks */ = {isa = PBXBuildFile; fileRef = C77A6E512FC8DBE6533E41EF /* Pods_ExampleForiOS.framework */; };
/* End PBXBuildFile section */

/* Begin PBXFileReference section */
		621D6BCD7607F3AB3AFFDB82 /* Pods-ExampleForiOS.release.xcconfig */ = {isa = PBXFileReference; includeInIndex = 1; lastKnownFileType = text.xcconfig; name = "Pods-ExampleForiOS.release.xcconfig"; path = "Pods/Target Support Files/Pods-ExampleForiOS/Pods-ExampleForiOS.release.xcconfig"; sourceTree = "<group>"; };
		836B4B591F60E59F00E411CA /* ExampleForiOS.app */ = {isa = PBXFileReference; explicitFileType = wrapper.application; includeInIndex = 0; path = ExampleForiOS.app; sourceTree = BUILT_PRODUCTS_DIR; };
		836B4B5C1F60E59F00E411CA /* AppDelegate.swift */ = {isa = PBXFileReference; lastKnownFileType = sourcecode.swift; path = AppDelegate.swift; sourceTree = "<group>"; };
		836B4B5E1F60E59F00E411CA /* ViewController.swift */ = {isa = PBXFileReference; lastKnownFileType = sourcecode.swift; path = ViewController.swift; sourceTree = "<group>"; };
		836B4B611F60E59F00E411CA /* Base */ = {isa = PBXFileReference; lastKnownFileType = file.storyboard; name = Base; path = Base.lproj/Main.storyboard; sourceTree = "<group>"; };
		836B4B631F60E59F00E411CA /* Assets.xcassets */ = {isa = PBXFileReference; lastKnownFileType = folder.assetcatalog; path = Assets.xcassets; sourceTree = "<group>"; };
		836B4B661F60E59F00E411CA /* Base */ = {isa = PBXFileReference; lastKnownFileType = file.storyboard; name = Base; path = Base.lproj/LaunchScreen.storyboard; sourceTree = "<group>"; };
		836B4B681F60E59F00E411CA /* Info.plist */ = {isa = PBXFileReference; lastKnownFileType = text.plist.xml; path = Info.plist; sourceTree = "<group>"; };
		C77A6E512FC8DBE6533E41EF /* Pods_ExampleForiOS.framework */ = {isa = PBXFileReference; explicitFileType = wrapper.framework; includeInIndex = 0; path = Pods_ExampleForiOS.framework; sourceTree = BUILT_PRODUCTS_DIR; };
		DC230376EA93453B14C79C4E /* Pods-ExampleForiOS.debug.xcconfig */ = {isa = PBXFileReference; includeInIndex = 1; lastKnownFileType = text.xcconfig; name = "Pods-ExampleForiOS.debug.xcconfig"; path = "Pods/Target Support Files/Pods-ExampleForiOS/Pods-ExampleForiOS.debug.xcconfig"; sourceTree = "<group>"; };
/* End PBXFileReference section */

/* Begin PBXFrameworksBuildPhase section */
		836B4B561F60E59F00E411CA /* Frameworks */ = {
			isa = PBXFrameworksBuildPhase;
			buildActionMask = 2147483647;
			files = (
				AF256FA81DC30E3D6BA40E27 /* Pods_ExampleForiOS.framework in Frameworks */,
			);
			runOnlyForDeploymentPostprocessing = 0;
		};
/* End PBXFrameworksBuildPhase section */

/* Begin PBXGroup section */
		836B4B501F60E59F00E411CA = {
			isa = PBXGroup;
			children = (
				836B4B5B1F60E59F00E411CA /* ExampleForiOS */,
				836B4B5A1F60E59F00E411CA /* Products */,
				8A21E92CD915790D98A630DF /* Pods */,
				EF723FBAA94D97E6C1220B7E /* Frameworks */,
			);
			sourceTree = "<group>";
		};
		836B4B5A1F60E59F00E411CA /* Products */ = {
			isa = PBXGroup;
			children = (
				836B4B591F60E59F00E411CA /* ExampleForiOS.app */,
			);
			name = Products;
			sourceTree = "<group>";
		};
		836B4B5B1F60E59F00E411CA /* ExampleForiOS */ = {
			isa = PBXGroup;
			children = (
				836B4B5C1F60E59F00E411CA /* AppDelegate.swift */,
				836B4B5E1F60E59F00E411CA /* ViewController.swift */,
				836B4B601F60E59F00E411CA /* Main.storyboard */,
				836B4B631F60E59F00E411CA /* Assets.xcassets */,
				836B4B651F60E59F00E411CA /* LaunchScreen.storyboard */,
				836B4B681F60E59F00E411CA /* Info.plist */,
			);
			path = ExampleForiOS;
			sourceTree = "<group>";
		};
		8A21E92CD915790D98A630DF /* Pods */ = {
			isa = PBXGroup;
			children = (
				DC230376EA93453B14C79C4E /* Pods-ExampleForiOS.debug.xcconfig */,
				621D6BCD7607F3AB3AFFDB82 /* Pods-ExampleForiOS.release.xcconfig */,
			);
			name = Pods;
			sourceTree = "<group>";
		};
		EF723FBAA94D97E6C1220B7E /* Frameworks */ = {
			isa = PBXGroup;
			children = (
				C77A6E512FC8DBE6533E41EF /* Pods_ExampleForiOS.framework */,
			);
			name = Frameworks;
			sourceTree = "<group>";
		};
/* End PBXGroup section */

/* Begin PBXNativeTarget section */
		836B4B581F60E59F00E411CA /* ExampleForiOS */ = {
			isa = PBXNativeTarget;
			buildConfigurationList = 836B4B6B1F60E59F00E411CA /* Build configuration list for PBXNativeTarget "ExampleForiOS" */;
			buildPhases = (
				51663075E1849A69BE267CFE /* [CP] Check Pods Manifest.lock */,
				836B4B551F60E59F00E411CA /* Sources */,
				836B4B561F60E59F00E411CA /* Frameworks */,
				836B4B571F60E59F00E411CA /* Resources */,
				954738A8D31FE9D558B9CF73 /* [CP] Embed Pods Frameworks */,
				D1B80E4671927ECAAC65C751 /* [CP] Copy Pods Resources */,
			);
			buildRules = (
			);
			dependencies = (
			);
			name = ExampleForiOS;
			productName = ExampleForiOS;
			productReference = 836B4B591F60E59F00E411CA /* ExampleForiOS.app */;
			productType = "com.apple.product-type.application";
		};
/* End PBXNativeTarget section */

/* Begin PBXProject section */
		836B4B511F60E59F00E411CA /* Project object */ = {
			isa = PBXProject;
			attributes = {
				LastSwiftUpdateCheck = 0830;
				LastUpgradeCheck = 0930;
				ORGANIZATIONNAME = Chakery;
				TargetAttributes = {
					836B4B581F60E59F00E411CA = {
						CreatedOnToolsVersion = 8.3.3;
						DevelopmentTeam = 476N92MP39;
						LastSwiftMigration = 0930;
						ProvisioningStyle = Automatic;
					};
				};
			};
			buildConfigurationList = 836B4B541F60E59F00E411CA /* Build configuration list for PBXProject "ExampleForiOS" */;
			compatibilityVersion = "Xcode 3.2";
			developmentRegion = English;
			hasScannedForEncodings = 0;
			knownRegions = (
				en,
				Base,
			);
			mainGroup = 836B4B501F60E59F00E411CA;
			productRefGroup = 836B4B5A1F60E59F00E411CA /* Products */;
			projectDirPath = "";
			projectRoot = "";
			targets = (
				836B4B581F60E59F00E411CA /* ExampleForiOS */,
			);
		};
/* End PBXProject section */

/* Begin PBXResourcesBuildPhase section */
		836B4B571F60E59F00E411CA /* Resources */ = {
			isa = PBXResourcesBuildPhase;
			buildActionMask = 2147483647;
			files = (
				836B4B671F60E59F00E411CA /* LaunchScreen.storyboard in Resources */,
				836B4B641F60E59F00E411CA /* Assets.xcassets in Resources */,
				836B4B621F60E59F00E411CA /* Main.storyboard in Resources */,
			);
			runOnlyForDeploymentPostprocessing = 0;
		};
/* End PBXResourcesBuildPhase section */

/* Begin PBXShellScriptBuildPhase section */
		51663075E1849A69BE267CFE /* [CP] Check Pods Manifest.lock */ = {
			isa = PBXShellScriptBuildPhase;
			buildActionMask = 2147483647;
			files = (
			);
			inputPaths = (
				"${PODS_PODFILE_DIR_PATH}/Podfile.lock",
				"${PODS_ROOT}/Manifest.lock",
			);
			name = "[CP] Check Pods Manifest.lock";
			outputPaths = (
				"$(DERIVED_FILE_DIR)/Pods-ExampleForiOS-checkManifestLockResult.txt",
			);
			runOnlyForDeploymentPostprocessing = 0;
			shellPath = /bin/sh;
			shellScript = "diff \"${PODS_PODFILE_DIR_PATH}/Podfile.lock\" \"${PODS_ROOT}/Manifest.lock\" > /dev/null\nif [ $? != 0 ] ; then\n    # print error to STDERR\n    echo \"error: The sandbox is not in sync with the Podfile.lock. Run 'pod install' or update your CocoaPods installation.\" >&2\n    exit 1\nfi\n# This output is used by Xcode 'outputs' to avoid re-running this script phase.\necho \"SUCCESS\" > \"${SCRIPT_OUTPUT_FILE_0}\"\n";
			showEnvVarsInLog = 0;
		};
		954738A8D31FE9D558B9CF73 /* [CP] Embed Pods Frameworks */ = {
			isa = PBXShellScriptBuildPhase;
			buildActionMask = 2147483647;
			files = (
			);
			inputPaths = (
				"${SRCROOT}/Pods/Target Support Files/Pods-ExampleForiOS/Pods-ExampleForiOS-frameworks.sh",
				"${BUILT_PRODUCTS_DIR}/AyLoading/AyLoading.framework",
			);
			name = "[CP] Embed Pods Frameworks";
			outputPaths = (
				"${TARGET_BUILD_DIR}/${FRAMEWORKS_FOLDER_PATH}/AyLoading.framework",
			);
			runOnlyForDeploymentPostprocessing = 0;
			shellPath = /bin/sh;
			shellScript = "\"${SRCROOT}/Pods/Target Support Files/Pods-ExampleForiOS/Pods-ExampleForiOS-frameworks.sh\"\n";
			showEnvVarsInLog = 0;
		};
		D1B80E4671927ECAAC65C751 /* [CP] Copy Pods Resources */ = {
			isa = PBXShellScriptBuildPhase;
			buildActionMask = 2147483647;
			files = (
			);
			inputPaths = (
			);
			name = "[CP] Copy Pods Resources";
			outputPaths = (
			);
			runOnlyForDeploymentPostprocessing = 0;
			shellPath = /bin/sh;
			shellScript = "\"${SRCROOT}/Pods/Target Support Files/Pods-ExampleForiOS/Pods-ExampleForiOS-resources.sh\"\n";
			showEnvVarsInLog = 0;
		};
/* End PBXShellScriptBuildPhase section */

/* Begin PBXSourcesBuildPhase section */
		836B4B551F60E59F00E411CA /* Sources */ = {
			isa = PBXSourcesBuildPhase;
			buildActionMask = 2147483647;
			files = (
				836B4B5F1F60E59F00E411CA /* ViewController.swift in Sources */,
				836B4B5D1F60E59F00E411CA /* AppDelegate.swift in Sources */,
			);
			runOnlyForDeploymentPostprocessing = 0;
		};
/* End PBXSourcesBuildPhase section */

/* Begin PBXVariantGroup section */
		836B4B601F60E59F00E411CA /* Main.storyboard */ = {
			isa = PBXVariantGroup;
			children = (
				836B4B611F60E59F00E411CA /* Base */,
			);
			name = Main.storyboard;
			sourceTree = "<group>";
		};
		836B4B651F60E59F00E411CA /* LaunchScreen.storyboard */ = {
			isa = PBXVariantGroup;
			children = (
				836B4B661F60E59F00E411CA /* Base */,
			);
			name = LaunchScreen.storyboard;
			sourceTree = "<group>";
		};
/* End PBXVariantGroup section */

/* Begin XCBuildConfiguration section */
		836B4B691F60E59F00E411CA /* Debug */ = {
			isa = XCBuildConfiguration;
			buildSettings = {
				ALWAYS_SEARCH_USER_PATHS = NO;
				CLANG_ANALYZER_NONNULL = YES;
				CLANG_ANALYZER_NUMBER_OBJECT_CONVERSION = YES_AGGRESSIVE;
				CLANG_CXX_LANGUAGE_STANDARD = "gnu++0x";
				CLANG_CXX_LIBRARY = "libc++";
				CLANG_ENABLE_MODULES = YES;
				CLANG_ENABLE_OBJC_ARC = YES;
				CLANG_WARN_BLOCK_CAPTURE_AUTORELEASING = YES;
				CLANG_WARN_BOOL_CONVERSION = YES;
				CLANG_WARN_COMMA = YES;
				CLANG_WARN_CONSTANT_CONVERSION = YES;
				CLANG_WARN_DEPRECATED_OBJC_IMPLEMENTATIONS = YES;
				CLANG_WARN_DIRECT_OBJC_ISA_USAGE = YES_ERROR;
				CLANG_WARN_DOCUMENTATION_COMMENTS = YES;
				CLANG_WARN_EMPTY_BODY = YES;
				CLANG_WARN_ENUM_CONVERSION = YES;
				CLANG_WARN_INFINITE_RECURSION = YES;
				CLANG_WARN_INT_CONVERSION = YES;
				CLANG_WARN_NON_LITERAL_NULL_CONVERSION = YES;
				CLANG_WARN_OBJC_IMPLICIT_RETAIN_SELF = YES;
				CLANG_WARN_OBJC_LITERAL_CONVERSION = YES;
				CLANG_WARN_OBJC_ROOT_CLASS = YES_ERROR;
				CLANG_WARN_RANGE_LOOP_ANALYSIS = YES;
				CLANG_WARN_STRICT_PROTOTYPES = YES;
				CLANG_WARN_SUSPICIOUS_MOVE = YES;
				CLANG_WARN_UNREACHABLE_CODE = YES;
				CLANG_WARN__DUPLICATE_METHOD_MATCH = YES;
				"CODE_SIGN_IDENTITY[sdk=iphoneos*]" = "iPhone Developer";
				COPY_PHASE_STRIP = NO;
				DEBUG_INFORMATION_FORMAT = dwarf;
				ENABLE_STRICT_OBJC_MSGSEND = YES;
				ENABLE_TESTABILITY = YES;
				GCC_C_LANGUAGE_STANDARD = gnu99;
				GCC_DYNAMIC_NO_PIC = NO;
				GCC_NO_COMMON_BLOCKS = YES;
				GCC_OPTIMIZATION_LEVEL = 0;
				GCC_PREPROCESSOR_DEFINITIONS = (
					"DEBUG=1",
					"$(inherited)",
				);
				GCC_WARN_64_TO_32_BIT_CONVERSION = YES;
				GCC_WARN_ABOUT_RETURN_TYPE = YES_ERROR;
				GCC_WARN_UNDECLARED_SELECTOR = YES;
				GCC_WARN_UNINITIALIZED_AUTOS = YES_AGGRESSIVE;
				GCC_WARN_UNUSED_FUNCTION = YES;
				GCC_WARN_UNUSED_VARIABLE = YES;
				IPHONEOS_DEPLOYMENT_TARGET = 10.3;
				MTL_ENABLE_DEBUG_INFO = YES;
				ONLY_ACTIVE_ARCH = YES;
				SDKROOT = iphoneos;
				SWIFT_ACTIVE_COMPILATION_CONDITIONS = DEBUG;
				SWIFT_OPTIMIZATION_LEVEL = "-Onone";
				TARGETED_DEVICE_FAMILY = "1,2";
			};
			name = Debug;
		};
		836B4B6A1F60E59F00E411CA /* Release */ = {
			isa = XCBuildConfiguration;
			buildSettings = {
				ALWAYS_SEARCH_USER_PATHS = NO;
				CLANG_ANALYZER_NONNULL = YES;
				CLANG_ANALYZER_NUMBER_OBJECT_CONVERSION = YES_AGGRESSIVE;
				CLANG_CXX_LANGUAGE_STANDARD = "gnu++0x";
				CLANG_CXX_LIBRARY = "libc++";
				CLANG_ENABLE_MODULES = YES;
				CLANG_ENABLE_OBJC_ARC = YES;
				CLANG_WARN_BLOCK_CAPTURE_AUTORELEASING = YES;
				CLANG_WARN_BOOL_CONVERSION = YES;
				CLANG_WARN_COMMA = YES;
				CLANG_WARN_CONSTANT_CONVERSION = YES;
				CLANG_WARN_DEPRECATED_OBJC_IMPLEMENTATIONS = YES;
				CLANG_WARN_DIRECT_OBJC_ISA_USAGE = YES_ERROR;
				CLANG_WARN_DOCUMENTATION_COMMENTS = YES;
				CLANG_WARN_EMPTY_BODY = YES;
				CLANG_WARN_ENUM_CONVERSION = YES;
				CLANG_WARN_INFINITE_RECURSION = YES;
				CLANG_WARN_INT_CONVERSION = YES;
				CLANG_WARN_NON_LITERAL_NULL_CONVERSION = YES;
				CLANG_WARN_OBJC_IMPLICIT_RETAIN_SELF = YES;
				CLANG_WARN_OBJC_LITERAL_CONVERSION = YES;
				CLANG_WARN_OBJC_ROOT_CLASS = YES_ERROR;
				CLANG_WARN_RANGE_LOOP_ANALYSIS = YES;
				CLANG_WARN_STRICT_PROTOTYPES = YES;
				CLANG_WARN_SUSPICIOUS_MOVE = YES;
				CLANG_WARN_UNREACHABLE_CODE = YES;
				CLANG_WARN__DUPLICATE_METHOD_MATCH = YES;
				"CODE_SIGN_IDENTITY[sdk=iphoneos*]" = "iPhone Developer";
				COPY_PHASE_STRIP = NO;
				DEBUG_INFORMATION_FORMAT = "dwarf-with-dsym";
				ENABLE_NS_ASSERTIONS = NO;
				ENABLE_STRICT_OBJC_MSGSEND = YES;
				GCC_C_LANGUAGE_STANDARD = gnu99;
				GCC_NO_COMMON_BLOCKS = YES;
				GCC_WARN_64_TO_32_BIT_CONVERSION = YES;
				GCC_WARN_ABOUT_RETURN_TYPE = YES_ERROR;
				GCC_WARN_UNDECLARED_SELECTOR = YES;
				GCC_WARN_UNINITIALIZED_AUTOS = YES_AGGRESSIVE;
				GCC_WARN_UNUSED_FUNCTION = YES;
				GCC_WARN_UNUSED_VARIABLE = YES;
				IPHONEOS_DEPLOYMENT_TARGET = 10.3;
				MTL_ENABLE_DEBUG_INFO = NO;
				SDKROOT = iphoneos;
				SWIFT_OPTIMIZATION_LEVEL = "-Owholemodule";
				TARGETED_DEVICE_FAMILY = "1,2";
				VALIDATE_PRODUCT = YES;
			};
			name = Release;
		};
		836B4B6C1F60E59F00E411CA /* Debug */ = {
			isa = XCBuildConfiguration;
			baseConfigurationReference = DC230376EA93453B14C79C4E /* Pods-ExampleForiOS.debug.xcconfig */;
			buildSettings = {
				ASSETCATALOG_COMPILER_APPICON_NAME = AppIcon;
				DEVELOPMENT_TEAM = 476N92MP39;
				INFOPLIST_FILE = ExampleForiOS/Info.plist;
				LD_RUNPATH_SEARCH_PATHS = "$(inherited) @executable_path/Frameworks";
				PRODUCT_BUNDLE_IDENTIFIER = com.ccggyy.ExampleForiOS;
				PRODUCT_NAME = "$(TARGET_NAME)";
				SWIFT_SWIFT3_OBJC_INFERENCE = On;
				SWIFT_VERSION = 4.0;
			};
			name = Debug;
		};
		836B4B6D1F60E59F00E411CA /* Release */ = {
			isa = XCBuildConfiguration;
			baseConfigurationReference = 621D6BCD7607F3AB3AFFDB82 /* Pods-ExampleForiOS.release.xcconfig */;
			buildSettings = {
				ASSETCATALOG_COMPILER_APPICON_NAME = AppIcon;
				DEVELOPMENT_TEAM = 476N92MP39;
				INFOPLIST_FILE = ExampleForiOS/Info.plist;
				LD_RUNPATH_SEARCH_PATHS = "$(inherited) @executable_path/Frameworks";
				PRODUCT_BUNDLE_IDENTIFIER = com.ccggyy.ExampleForiOS;
				PRODUCT_NAME = "$(TARGET_NAME)";
				SWIFT_SWIFT3_OBJC_INFERENCE = On;
				SWIFT_VERSION = 4.0;
			};
			name = Release;
		};
/* End XCBuildConfiguration section */

/* Begin XCConfigurationList section */
		836B4B541F60E59F00E411CA /* Build configuration list for PBXProject "ExampleForiOS" */ = {
			isa = XCConfigurationList;
			buildConfigurations = (
				836B4B691F60E59F00E411CA /* Debug */,
				836B4B6A1F60E59F00E411CA /* Release */,
			);
			defaultConfigurationIsVisible = 0;
			defaultConfigurationName = Release;
		};
		836B4B6B1F60E59F00E411CA /* Build configuration list for PBXNativeTarget "ExampleForiOS" */ = {
			isa = XCConfigurationList;
			buildConfigurations = (
				836B4B6C1F60E59F00E411CA /* Debug */,
				836B4B6D1F60E59F00E411CA /* Release */,
			);
			defaultConfigurationIsVisible = 0;
			defaultConfigurationName = Release;
		};
/* End XCConfigurationList section */
	};
	rootObject = 836B4B511F60E59F00E411CA /* Project object */;
}
